
Microsoft Visual Studio Solution File, Format Version 12.00
# Visual Studio Version 17
VisualStudioVersion = 17.4.33205.214
MinimumVisualStudioVersion = 10.0.40219.1
Project("{54A90642-561A-4BB1-A94E-469ADEE60C69}") = "Client.Web", "Web-UI\Client.Web.esproj", "{2D985466-C946-421F-8631-59C10445D833}"
EndProject
Project("{2150E333-8FDC-42A3-9474-1A3956D46DE8}") = "UI", "UI", "{117A6F4A-9CAE-481F-A461-AF3A7A1971E6}"
EndProject
Project("{2150E333-8FDC-42A3-9474-1A3956D46DE8}") = "Service", "Service", "{DB7BF5FD-DEF2-4FAB-B70A-594E43181C9B}"
EndProject
Project("{9A19103F-16F7-4668-BE54-9A1E7A4F7556}") = "Server.WebAPI", "Server.WebAPI\Server.WebAPI.csproj", "{F17874AE-9AD2-4076-A742-581AE97CA58C}"
EndProject
Project("{2150E333-8FDC-42A3-9474-1A3956D46DE8}") = "Common", "Common", "{DD900D94-5C92-4B5C-8836-8F71E7994D42}"
EndProject
Project("{FAE04EC0-301F-11D3-BF4B-00C04F79EFBC}") = "Common", "Common\Common.csproj", "{6A8EE047-7269-49CA-8656-664A50FA8619}"
EndProject
Project("{2150E333-8FDC-42A3-9474-1A3956D46DE8}") = "_External", "_External", "{A700C537-A2D5-42EF-B8E8-A7B489D4C36D}"
EndProject
Project("{FAE04EC0-301F-11D3-BF4B-00C04F79EFBC}") = "OMDB-API", "OMDB-API\OMDB-API.csproj", "{A0C00C64-C375-46BC-A4A2-E588E755ED91}"
EndProject
Global
	GlobalSection(SolutionConfigurationPlatforms) = preSolution
		Debug|Any CPU = Debug|Any CPU
		Release|Any CPU = Release|Any CPU
	EndGlobalSection
	GlobalSection(ProjectConfigurationPlatforms) = postSolution
		{2D985466-C946-421F-8631-59C10445D833}.Debug|Any CPU.ActiveCfg = Debug|Any CPU
		{2D985466-C946-421F-8631-59C10445D833}.Debug|Any CPU.Build.0 = Debug|Any CPU
		{2D985466-C946-421F-8631-59C10445D833}.Debug|Any CPU.Deploy.0 = Debug|Any CPU
		{2D985466-C946-421F-8631-59C10445D833}.Release|Any CPU.ActiveCfg = Release|Any CPU
		{2D985466-C946-421F-8631-59C10445D833}.Release|Any CPU.Build.0 = Release|Any CPU
		{2D985466-C946-421F-8631-59C10445D833}.Release|Any CPU.Deploy.0 = Release|Any CPU
		{F17874AE-9AD2-4076-A742-581AE97CA58C}.Debug|Any CPU.ActiveCfg = Debug|Any CPU
		{F17874AE-9AD2-4076-A742-581AE97CA58C}.Debug|Any CPU.Build.0 = Debug|Any CPU
		{F17874AE-9AD2-4076-A742-581AE97CA58C}.Release|Any CPU.ActiveCfg = Release|Any CPU
		{F17874AE-9AD2-4076-A742-581AE97CA58C}.Release|Any CPU.Build.0 = Release|Any CPU
		{6A8EE047-7269-49CA-8656-664A50FA8619}.Debug|Any CPU.ActiveCfg = Debug|Any CPU
		{6A8EE047-7269-49CA-8656-664A50FA8619}.Debug|Any CPU.Build.0 = Debug|Any CPU
		{6A8EE047-7269-49CA-8656-664A50FA8619}.Release|Any CPU.ActiveCfg = Release|Any CPU
		{6A8EE047-7269-49CA-8656-664A50FA8619}.Release|Any CPU.Build.0 = Release|Any CPU
		{A0C00C64-C375-46BC-A4A2-E588E755ED91}.Debug|Any CPU.ActiveCfg = Debug|Any CPU
		{A0C00C64-C375-46BC-A4A2-E588E755ED91}.Debug|Any CPU.Build.0 = Debug|Any CPU
		{A0C00C64-C375-46BC-A4A2-E588E755ED91}.Release|Any CPU.ActiveCfg = Release|Any CPU
		{A0C00C64-C375-46BC-A4A2-E588E755ED91}.Release|Any CPU.Build.0 = Release|Any CPU
	EndGlobalSection
	GlobalSection(SolutionProperties) = preSolution
		HideSolutionNode = FALSE
	EndGlobalSection
	GlobalSection(NestedProjects) = preSolution
		{2D985466-C946-421F-8631-59C10445D833} = {117A6F4A-9CAE-481F-A461-AF3A7A1971E6}
		{F17874AE-9AD2-4076-A742-581AE97CA58C} = {DB7BF5FD-DEF2-4FAB-B70A-594E43181C9B}
		{6A8EE047-7269-49CA-8656-664A50FA8619} = {DD900D94-5C92-4B5C-8836-8F71E7994D42}
		{A0C00C64-C375-46BC-A4A2-E588E755ED91} = {A700C537-A2D5-42EF-B8E8-A7B489D4C36D}
	EndGlobalSection
	GlobalSection(ExtensibilityGlobals) = postSolution
		SolutionGuid = {3668D861-C882-4672-99E0-7F2D7DADD6B1}
	EndGlobalSection
EndGlobal
